// !$*UTF8*$!
{
	archiveVersion = 1;
	classes = {
	};
	objectVersion = 46;
	objects = {

/* Begin PBXBuildFile section */
		DBDB23C21F16BA9A006084C2 /* AppDelegate.swift in Sources */ = {isa = PBXBuildFile; fileRef = DBDB23C11F16BA9A006084C2 /* AppDelegate.swift */; };
		DBDB23C41F16BA9A006084C2 /* MainViewController.swift in Sources */ = {isa = PBXBuildFile; fileRef = DBDB23C31F16BA9A006084C2 /* MainViewController.swift */; };
		DBDB23C71F16BA9A006084C2 /* Main.storyboard in Resources */ = {isa = PBXBuildFile; fileRef = DBDB23C51F16BA9A006084C2 /* Main.storyboard */; };
		DBDB23C91F16BA9A006084C2 /* Assets.xcassets in Resources */ = {isa = PBXBuildFile; fileRef = DBDB23C81F16BA9A006084C2 /* Assets.xcassets */; };
		DBDB23CC1F16BA9A006084C2 /* LaunchScreen.storyboard in Resources */ = {isa = PBXBuildFile; fileRef = DBDB23CA1F16BA9A006084C2 /* LaunchScreen.storyboard */; };
		DBDB23D71F16BA9A006084C2 /* PartyRockAppTests.swift in Sources */ = {isa = PBXBuildFile; fileRef = DBDB23D61F16BA9A006084C2 /* PartyRockAppTests.swift */; };
		DBDB23E21F16BA9A006084C2 /* PartyRockAppUITests.swift in Sources */ = {isa = PBXBuildFile; fileRef = DBDB23E11F16BA9A006084C2 /* PartyRockAppUITests.swift */; };
		DBDB23F31F16C82B006084C2 /* OldLondon.ttf in Resources */ = {isa = PBXBuildFile; fileRef = DBDB23F21F16C82B006084C2 /* OldLondon.ttf */; };
		DBDB23F51F16CB4B006084C2 /* VideoViewController.swift in Sources */ = {isa = PBXBuildFile; fileRef = DBDB23F41F16CB4B006084C2 /* VideoViewController.swift */; };
		DBDB23F71F16CD0A006084C2 /* PartyTableViewCell.swift in Sources */ = {isa = PBXBuildFile; fileRef = DBDB23F61F16CD0A006084C2 /* PartyTableViewCell.swift */; };
		DBDB23F91F16CED7006084C2 /* PartyRockBluePrint.swift in Sources */ = {isa = PBXBuildFile; fileRef = DBDB23F81F16CED7006084C2 /* PartyRockBluePrint.swift */; };
/* End PBXBuildFile section */

/* Begin PBXContainerItemProxy section */
		DBDB23D31F16BA9A006084C2 /* PBXContainerItemProxy */ = {
			isa = PBXContainerItemProxy;
			containerPortal = DBDB23B61F16BA9A006084C2 /* Project object */;
			proxyType = 1;
			remoteGlobalIDString = DBDB23BD1F16BA9A006084C2;
			remoteInfo = PartyRockApp;
		};
		DBDB23DE1F16BA9A006084C2 /* PBXContainerItemProxy */ = {
			isa = PBXContainerItemProxy;
			containerPortal = DBDB23B61F16BA9A006084C2 /* Project object */;
			proxyType = 1;
			remoteGlobalIDString = DBDB23BD1F16BA9A006084C2;
			remoteInfo = PartyRockApp;
		};
/* End PBXContainerItemProxy section */

/* Begin PBXFileReference section */
		DBDB23BE1F16BA9A006084C2 /* PartyRockApp.app */ = {isa = PBXFileReference; explicitFileType = wrapper.application; includeInIndex = 0; path = PartyRockApp.app; sourceTree = BUILT_PRODUCTS_DIR; };
		DBDB23C11F16BA9A006084C2 /* AppDelegate.swift */ = {isa = PBXFileReference; lastKnownFileType = sourcecode.swift; path = AppDelegate.swift; sourceTree = "<group>"; };
		DBDB23C31F16BA9A006084C2 /* MainViewController.swift */ = {isa = PBXFileReference; lastKnownFileType = sourcecode.swift; path = MainViewController.swift; sourceTree = "<group>"; };
		DBDB23C61F16BA9A006084C2 /* Base */ = {isa = PBXFileReference; lastKnownFileType = file.storyboard; name = Base; path = Base.lproj/Main.storyboard; sourceTree = "<group>"; };
		DBDB23C81F16BA9A006084C2 /* Assets.xcassets */ = {isa = PBXFileReference; lastKnownFileType = folder.assetcatalog; path = Assets.xcassets; sourceTree = "<group>"; };
		DBDB23CB1F16BA9A006084C2 /* Base */ = {isa = PBXFileReference; lastKnownFileType = file.storyboard; name = Base; path = Base.lproj/LaunchScreen.storyboard; sourceTree = "<group>"; };
		DBDB23CD1F16BA9A006084C2 /* Info.plist */ = {isa = PBXFileReference; lastKnownFileType = text.plist.xml; path = Info.plist; sourceTree = "<group>"; };
		DBDB23D21F16BA9A006084C2 /* PartyRockAppTests.xctest */ = {isa = PBXFileReference; explicitFileType = wrapper.cfbundle; includeInIndex = 0; path = PartyRockAppTests.xctest; sourceTree = BUILT_PRODUCTS_DIR; };
		DBDB23D61F16BA9A006084C2 /* PartyRockAppTests.swift */ = {isa = PBXFileReference; lastKnownFileType = sourcecode.swift; path = PartyRockAppTests.swift; sourceTree = "<group>"; };
		DBDB23D81F16BA9A006084C2 /* Info.plist */ = {isa = PBXFileReference; lastKnownFileType = text.plist.xml; path = Info.plist; sourceTree = "<group>"; };
		DBDB23DD1F16BA9A006084C2 /* PartyRockAppUITests.xctest */ = {isa = PBXFileReference; explicitFileType = wrapper.cfbundle; includeInIndex = 0; path = PartyRockAppUITests.xctest; sourceTree = BUILT_PRODUCTS_DIR; };
		DBDB23E11F16BA9A006084C2 /* PartyRockAppUITests.swift */ = {isa = PBXFileReference; lastKnownFileType = sourcecode.swift; path = PartyRockAppUITests.swift; sourceTree = "<group>"; };
		DBDB23E31F16BA9A006084C2 /* Info.plist */ = {isa = PBXFileReference; lastKnownFileType = text.plist.xml; path = Info.plist; sourceTree = "<group>"; };
		DBDB23F21F16C82B006084C2 /* OldLondon.ttf */ = {isa = PBXFileReference; lastKnownFileType = file; path = OldLondon.ttf; sourceTree = "<group>"; };
		DBDB23F41F16CB4B006084C2 /* VideoViewController.swift */ = {isa = PBXFileReference; fileEncoding = 4; lastKnownFileType = sourcecode.swift; path = VideoViewController.swift; sourceTree = "<group>"; };
		DBDB23F61F16CD0A006084C2 /* PartyTableViewCell.swift */ = {isa = PBXFileReference; fileEncoding = 4; lastKnownFileType = sourcecode.swift; path = PartyTableViewCell.swift; sourceTree = "<group>"; };
		DBDB23F81F16CED7006084C2 /* PartyRockBluePrint.swift */ = {isa = PBXFileReference; fileEncoding = 4; lastKnownFileType = sourcecode.swift; path = PartyRockBluePrint.swift; sourceTree = "<group>"; };
/* End PBXFileReference section */

/* Begin PBXFrameworksBuildPhase section */
		DBDB23BB1F16BA9A006084C2 /* Frameworks */ = {
			isa = PBXFrameworksBuildPhase;
			buildActionMask = 2147483647;
			files = (
			);
			runOnlyForDeploymentPostprocessing = 0;
		};
		DBDB23CF1F16BA9A006084C2 /* Frameworks */ = {
			isa = PBXFrameworksBuildPhase;
			buildActionMask = 2147483647;
			files = (
			);
			runOnlyForDeploymentPostprocessing = 0;
		};
		DBDB23DA1F16BA9A006084C2 /* Frameworks */ = {
			isa = PBXFrameworksBuildPhase;
			buildActionMask = 2147483647;
			files = (
			);
			runOnlyForDeploymentPostprocessing = 0;
		};
/* End PBXFrameworksBuildPhase section */

/* Begin PBXGroup section */
		DBDB23B51F16BA9A006084C2 = {
			isa = PBXGroup;
			children = (
				DBDB23C01F16BA9A006084C2 /* PartyRockApp */,
				DBDB23D51F16BA9A006084C2 /* PartyRockAppTests */,
				DBDB23E01F16BA9A006084C2 /* PartyRockAppUITests */,
				DBDB23BF1F16BA9A006084C2 /* Products */,
			);
			sourceTree = "<group>";
		};
		DBDB23BF1F16BA9A006084C2 /* Products */ = {
			isa = PBXGroup;
			children = (
				DBDB23BE1F16BA9A006084C2 /* PartyRockApp.app */,
				DBDB23D21F16BA9A006084C2 /* PartyRockAppTests.xctest */,
				DBDB23DD1F16BA9A006084C2 /* PartyRockAppUITests.xctest */,
			);
			name = Products;
			sourceTree = "<group>";
		};
		DBDB23C01F16BA9A006084C2 /* PartyRockApp */ = {
			isa = PBXGroup;
			children = (
				DBDB23F11F16BF71006084C2 /* View */,
				DBDB23F01F16BF6B006084C2 /* Model */,
				DBDB23EF1F16BF63006084C2 /* Controller */,
				DBDB23C11F16BA9A006084C2 /* AppDelegate.swift */,
				DBDB23C51F16BA9A006084C2 /* Main.storyboard */,
				DBDB23CA1F16BA9A006084C2 /* LaunchScreen.storyboard */,
				DBDB23F21F16C82B006084C2 /* OldLondon.ttf */,
				DBDB23C81F16BA9A006084C2 /* Assets.xcassets */,
				DBDB23CD1F16BA9A006084C2 /* Info.plist */,
			);
			path = PartyRockApp;
			sourceTree = "<group>";
		};
		DBDB23D51F16BA9A006084C2 /* PartyRockAppTests */ = {
			isa = PBXGroup;
			children = (
				DBDB23D61F16BA9A006084C2 /* PartyRockAppTests.swift */,
				DBDB23D81F16BA9A006084C2 /* Info.plist */,
			);
			path = PartyRockAppTests;
			sourceTree = "<group>";
		};
		DBDB23E01F16BA9A006084C2 /* PartyRockAppUITests */ = {
			isa = PBXGroup;
			children = (
				DBDB23E11F16BA9A006084C2 /* PartyRockAppUITests.swift */,
				DBDB23E31F16BA9A006084C2 /* Info.plist */,
			);
			path = PartyRockAppUITests;
			sourceTree = "<group>";
		};
		DBDB23EF1F16BF63006084C2 /* Controller */ = {
			isa = PBXGroup;
			children = (
				DBDB23C31F16BA9A006084C2 /* MainViewController.swift */,
				DBDB23F41F16CB4B006084C2 /* VideoViewController.swift */,
			);
			name = Controller;
			sourceTree = "<group>";
		};
		DBDB23F01F16BF6B006084C2 /* Model */ = {
			isa = PBXGroup;
			children = (
				DBDB23F81F16CED7006084C2 /* PartyRockBluePrint.swift */,
			);
			name = Model;
			sourceTree = "<group>";
		};
		DBDB23F11F16BF71006084C2 /* View */ = {
			isa = PBXGroup;
			children = (
				DBDB23F61F16CD0A006084C2 /* PartyTableViewCell.swift */,
			);
			name = View;
			sourceTree = "<group>";
		};
/* End PBXGroup section */

/* Begin PBXNativeTarget section */
		DBDB23BD1F16BA9A006084C2 /* PartyRockApp */ = {
			isa = PBXNativeTarget;
			buildConfigurationList = DBDB23E61F16BA9A006084C2 /* Build configuration list for PBXNativeTarget "PartyRockApp" */;
			buildPhases = (
				DBDB23BA1F16BA9A006084C2 /* Sources */,
				DBDB23BB1F16BA9A006084C2 /* Frameworks */,
				DBDB23BC1F16BA9A006084C2 /* Resources */,
			);
			buildRules = (
			);
			dependencies = (
			);
			name = PartyRockApp;
			productName = PartyRockApp;
			productReference = DBDB23BE1F16BA9A006084C2 /* PartyRockApp.app */;
			productType = "com.apple.product-type.application";
		};
		DBDB23D11F16BA9A006084C2 /* PartyRockAppTests */ = {
			isa = PBXNativeTarget;
			buildConfigurationList = DBDB23E91F16BA9A006084C2 /* Build configuration list for PBXNativeTarget "PartyRockAppTests" */;
			buildPhases = (
				DBDB23CE1F16BA9A006084C2 /* Sources */,
				DBDB23CF1F16BA9A006084C2 /* Frameworks */,
				DBDB23D01F16BA9A006084C2 /* Resources */,
			);
			buildRules = (
			);
			dependencies = (
				DBDB23D41F16BA9A006084C2 /* PBXTargetDependency */,
			);
			name = PartyRockAppTests;
			productName = PartyRockAppTests;
			productReference = DBDB23D21F16BA9A006084C2 /* PartyRockAppTests.xctest */;
			productType = "com.apple.product-type.bundle.unit-test";
		};
		DBDB23DC1F16BA9A006084C2 /* PartyRockAppUITests */ = {
			isa = PBXNativeTarget;
			buildConfigurationList = DBDB23EC1F16BA9A006084C2 /* Build configuration list for PBXNativeTarget "PartyRockAppUITests" */;
			buildPhases = (
				DBDB23D91F16BA9A006084C2 /* Sources */,
				DBDB23DA1F16BA9A006084C2 /* Frameworks */,
				DBDB23DB1F16BA9A006084C2 /* Resources */,
			);
			buildRules = (
			);
			dependencies = (
				DBDB23DF1F16BA9A006084C2 /* PBXTargetDependency */,
			);
			name = PartyRockAppUITests;
			productName = PartyRockAppUITests;
			productReference = DBDB23DD1F16BA9A006084C2 /* PartyRockAppUITests.xctest */;
			productType = "com.apple.product-type.bundle.ui-testing";
		};
/* End PBXNativeTarget section */

/* Begin PBXProject section */
		DBDB23B61F16BA9A006084C2 /* Project object */ = {
			isa = PBXProject;
			attributes = {
				LastSwiftUpdateCheck = 0830;
				LastUpgradeCheck = 0830;
				ORGANIZATIONNAME = "Pragun Sharma";
				TargetAttributes = {
					DBDB23BD1F16BA9A006084C2 = {
						CreatedOnToolsVersion = 8.3.3;
						DevelopmentTeam = 8LP7F4D4WS;
						ProvisioningStyle = Automatic;
					};
					DBDB23D11F16BA9A006084C2 = {
						CreatedOnToolsVersion = 8.3.3;
						DevelopmentTeam = 8LP7F4D4WS;
						ProvisioningStyle = Automatic;
						TestTargetID = DBDB23BD1F16BA9A006084C2;
					};
					DBDB23DC1F16BA9A006084C2 = {
						CreatedOnToolsVersion = 8.3.3;
						DevelopmentTeam = 8LP7F4D4WS;
						ProvisioningStyle = Automatic;
						TestTargetID = DBDB23BD1F16BA9A006084C2;
					};
				};
			};
			buildConfigurationList = DBDB23B91F16BA9A006084C2 /* Build configuration list for PBXProject "PartyRockApp" */;
			compatibilityVersion = "Xcode 3.2";
			developmentRegion = English;
			hasScannedForEncodings = 0;
			knownRegions = (
				en,
				Base,
			);
			mainGroup = DBDB23B51F16BA9A006084C2;
			productRefGroup = DBDB23BF1F16BA9A006084C2 /* Products */;
			projectDirPath = "";
			projectRoot = "";
			targets = (
				DBDB23BD1F16BA9A006084C2 /* PartyRockApp */,
				DBDB23D11F16BA9A006084C2 /* PartyRockAppTests */,
				DBDB23DC1F16BA9A006084C2 /* PartyRockAppUITests */,
			);
		};
/* End PBXProject section */

/* Begin PBXResourcesBuildPhase section */
		DBDB23BC1F16BA9A006084C2 /* Resources */ = {
			isa = PBXResourcesBuildPhase;
			buildActionMask = 2147483647;
			files = (
				DBDB23CC1F16BA9A006084C2 /* LaunchScreen.storyboard in Resources */,
				DBDB23C91F16BA9A006084C2 /* Assets.xcassets in Resources */,
				DBDB23F31F16C82B006084C2 /* OldLondon.ttf in Resources */,
				DBDB23C71F16BA9A006084C2 /* Main.storyboard in Resources */,
			);
			runOnlyForDeploymentPostprocessing = 0;
		};
		DBDB23D01F16BA9A006084C2 /* Resources */ = {
			isa = PBXResourcesBuildPhase;
			buildActionMask = 2147483647;
			files = (
			);
			runOnlyForDeploymentPostprocessing = 0;
		};
		DBDB23DB1F16BA9A006084C2 /* Resources */ = {
			isa = PBXResourcesBuildPhase;
			buildActionMask = 2147483647;
			files = (
			);
			runOnlyForDeploymentPostprocessing = 0;
		};
/* End PBXResourcesBuildPhase section */

/* Begin PBXSourcesBuildPhase section */
		DBDB23BA1F16BA9A006084C2 /* Sources */ = {
			isa = PBXSourcesBuildPhase;
			buildActionMask = 2147483647;
			files = (
				DBDB23C41F16BA9A006084C2 /* MainViewController.swift in Sources */,
				DBDB23C21F16BA9A006084C2 /* AppDelegate.swift in Sources */,
				DBDB23F91F16CED7006084C2 /* PartyRockBluePrint.swift in Sources */,
				DBDB23F71F16CD0A006084C2 /* PartyTableViewCell.swift in Sources */,
				DBDB23F51F16CB4B006084C2 /* VideoViewController.swift in Sources */,
			);
			runOnlyForDeploymentPostprocessing = 0;
		};
		DBDB23CE1F16BA9A006084C2 /* Sources */ = {
			isa = PBXSourcesBuildPhase;
			buildActionMask = 2147483647;
			files = (
				DBDB23D71F16BA9A006084C2 /* PartyRockAppTests.swift in Sources */,
			);
			runOnlyForDeploymentPostprocessing = 0;
		};
		DBDB23D91F16BA9A006084C2 /* Sources */ = {
			isa = PBXSourcesBuildPhase;
			buildActionMask = 2147483647;
			files = (
				DBDB23E21F16BA9A006084C2 /* PartyRockAppUITests.swift in Sources */,
			);
			runOnlyForDeploymentPostprocessing = 0;
		};
/* End PBXSourcesBuildPhase section */

/* Begin PBXTargetDependency section */
		DBDB23D41F16BA9A006084C2 /* PBXTargetDependency */ = {
			isa = PBXTargetDependency;
			target = DBDB23BD1F16BA9A006084C2 /* PartyRockApp */;
			targetProxy = DBDB23D31F16BA9A006084C2 /* PBXContainerItemProxy */;
		};
		DBDB23DF1F16BA9A006084C2 /* PBXTargetDependency */ = {
			isa = PBXTargetDependency;
			target = DBDB23BD1F16BA9A006084C2 /* PartyRockApp */;
			targetProxy = DBDB23DE1F16BA9A006084C2 /* PBXContainerItemProxy */;
		};
/* End PBXTargetDependency section */

/* Begin PBXVariantGroup section */
		DBDB23C51F16BA9A006084C2 /* Main.storyboard */ = {
			isa = PBXVariantGroup;
			children = (
				DBDB23C61F16BA9A006084C2 /* Base */,
			);
			name = Main.storyboard;
			sourceTree = "<group>";
		};
		DBDB23CA1F16BA9A006084C2 /* LaunchScreen.storyboard */ = {
			isa = PBXVariantGroup;
			children = (
				DBDB23CB1F16BA9A006084C2 /* Base */,
			);
			name = LaunchScreen.storyboard;
			sourceTree = "<group>";
		};
/* End PBXVariantGroup section */

/* Begin XCBuildConfiguration section */
		DBDB23E41F16BA9A006084C2 /* Debug */ = {
			isa = XCBuildConfiguration;
			buildSettings = {
				ALWAYS_SEARCH_USER_PATHS = NO;
				CLANG_ANALYZER_NONNULL = YES;
				CLANG_ANALYZER_NUMBER_OBJECT_CONVERSION = YES_AGGRESSIVE;
				CLANG_CXX_LANGUAGE_STANDARD = "gnu++0x";
				CLANG_CXX_LIBRARY = "libc++";
				CLANG_ENABLE_MODULES = YES;
				CLANG_ENABLE_OBJC_ARC = YES;
				CLANG_WARN_BOOL_CONVERSION = YES;
				CLANG_WARN_CONSTANT_CONVERSION = YES;
				CLANG_WARN_DIRECT_OBJC_ISA_USAGE = YES_ERROR;
				CLANG_WARN_DOCUMENTATION_COMMENTS = YES;
				CLANG_WARN_EMPTY_BODY = YES;
				CLANG_WARN_ENUM_CONVERSION = YES;
				CLANG_WARN_INFINITE_RECURSION = YES;
				CLANG_WARN_INT_CONVERSION = YES;
				CLANG_WARN_OBJC_ROOT_CLASS = YES_ERROR;
				CLANG_WARN_SUSPICIOUS_MOVE = YES;
				CLANG_WARN_UNREACHABLE_CODE = YES;
				CLANG_WARN__DUPLICATE_METHOD_MATCH = YES;
				"CODE_SIGN_IDENTITY[sdk=iphoneos*]" = "iPhone Developer";
				COPY_PHASE_STRIP = NO;
				DEBUG_INFORMATION_FORMAT = dwarf;
				ENABLE_STRICT_OBJC_MSGSEND = YES;
				ENABLE_TESTABILITY = YES;
				GCC_C_LANGUAGE_STANDARD = gnu99;
				GCC_DYNAMIC_NO_PIC = NO;
				GCC_NO_COMMON_BLOCKS = YES;
				GCC_OPTIMIZATION_LEVEL = 0;
				GCC_PREPROCESSOR_DEFINITIONS = (
					"DEBUG=1",
					"$(inherited)",
				);
				GCC_WARN_64_TO_32_BIT_CONVERSION = YES;
				GCC_WARN_ABOUT_RETURN_TYPE = YES_ERROR;
				GCC_WARN_UNDECLARED_SELECTOR = YES;
				GCC_WARN_UNINITIALIZED_AUTOS = YES_AGGRESSIVE;
				GCC_WARN_UNUSED_FUNCTION = YES;
				GCC_WARN_UNUSED_VARIABLE = YES;
				IPHONEOS_DEPLOYMENT_TARGET = 10.3;
				MTL_ENABLE_DEBUG_INFO = YES;
				ONLY_ACTIVE_ARCH = YES;
				SDKROOT = iphoneos;
				SWIFT_ACTIVE_COMPILATION_CONDITIONS = DEBUG;
				SWIFT_OPTIMIZATION_LEVEL = "-Onone";
				TARGETED_DEVICE_FAMILY = "1,2";
			};
			name = Debug;
		};
		DBDB23E51F16BA9A006084C2 /* Release */ = {
			isa = XCBuildConfiguration;
			buildSettings = {
				ALWAYS_SEARCH_USER_PATHS = NO;
				CLANG_ANALYZER_NONNULL = YES;
				CLANG_ANALYZER_NUMBER_OBJECT_CONVERSION = YES_AGGRESSIVE;
				CLANG_CXX_LANGUAGE_STANDARD = "gnu++0x";
				CLANG_CXX_LIBRARY = "libc++";
				CLANG_ENABLE_MODULES = YES;
				CLANG_ENABLE_OBJC_ARC = YES;
				CLANG_WARN_BOOL_CONVERSION = YES;
				CLANG_WARN_CONSTANT_CONVERSION = YES;
				CLANG_WARN_DIRECT_OBJC_ISA_USAGE = YES_ERROR;
				CLANG_WARN_DOCUMENTATION_COMMENTS = YES;
				CLANG_WARN_EMPTY_BODY = YES;
				CLANG_WARN_ENUM_CONVERSION = YES;
				CLANG_WARN_INFINITE_RECURSION = YES;
				CLANG_WARN_INT_CONVERSION = YES;
				CLANG_WARN_OBJC_ROOT_CLASS = YES_ERROR;
				CLANG_WARN_SUSPICIOUS_MOVE = YES;
				CLANG_WARN_UNREACHABLE_CODE = YES;
				CLANG_WARN__DUPLICATE_METHOD_MATCH = YES;
				"CODE_SIGN_IDENTITY[sdk=iphoneos*]" = "iPhone Developer";
				COPY_PHASE_STRIP = NO;
				DEBUG_INFORMATION_FORMAT = "dwarf-with-dsym";
				ENABLE_NS_ASSERTIONS = NO;
				ENABLE_STRICT_OBJC_MSGSEND = YES;
				GCC_C_LANGUAGE_STANDARD = gnu99;
				GCC_NO_COMMON_BLOCKS = YES;
				GCC_WARN_64_TO_32_BIT_CONVERSION = YES;
				GCC_WARN_ABOUT_RETURN_TYPE = YES_ERROR;
				GCC_WARN_UNDECLARED_SELECTOR = YES;
				GCC_WARN_UNINITIALIZED_AUTOS = YES_AGGRESSIVE;
				GCC_WARN_UNUSED_FUNCTION = YES;
				GCC_WARN_UNUSED_VARIABLE = YES;
				IPHONEOS_DEPLOYMENT_TARGET = 10.3;
				MTL_ENABLE_DEBUG_INFO = NO;
				SDKROOT = iphoneos;
				SWIFT_OPTIMIZATION_LEVEL = "-Owholemodule";
				TARGETED_DEVICE_FAMILY = "1,2";
				VALIDATE_PRODUCT = YES;
			};
			name = Release;
		};
		DBDB23E71F16BA9A006084C2 /* Debug */ = {
			isa = XCBuildConfiguration;
			buildSettings = {
				ASSETCATALOG_COMPILER_APPICON_NAME = AppIcon;
				DEVELOPMENT_TEAM = 8LP7F4D4WS;
				INFOPLIST_FILE = PartyRockApp/Info.plist;
				LD_RUNPATH_SEARCH_PATHS = "$(inherited) @executable_path/Frameworks";
				PRODUCT_BUNDLE_IDENTIFIER = PragunSharma.PartyRockApp;
				PRODUCT_NAME = "$(TARGET_NAME)";
				SWIFT_VERSION = 3.0;
			};
			name = Debug;
		};
		DBDB23E81F16BA9A006084C2 /* Release */ = {
			isa = XCBuildConfiguration;
			buildSettings = {
				ASSETCATALOG_COMPILER_APPICON_NAME = AppIcon;
				DEVELOPMENT_TEAM = 8LP7F4D4WS;
				INFOPLIST_FILE = PartyRockApp/Info.plist;
				LD_RUNPATH_SEARCH_PATHS = "$(inherited) @executable_path/Frameworks";
				PRODUCT_BUNDLE_IDENTIFIER = PragunSharma.PartyRockApp;
				PRODUCT_NAME = "$(TARGET_NAME)";
				SWIFT_VERSION = 3.0;
			};
			name = Release;
		};
		DBDB23EA1F16BA9A006084C2 /* Debug */ = {
			isa = XCBuildConfiguration;
			buildSettings = {
				ALWAYS_EMBED_SWIFT_STANDARD_LIBRARIES = YES;
				BUNDLE_LOADER = "$(TEST_HOST)";
				DEVELOPMENT_TEAM = 8LP7F4D4WS;
				INFOPLIST_FILE = PartyRockAppTests/Info.plist;
				LD_RUNPATH_SEARCH_PATHS = "$(inherited) @executable_path/Frameworks @loader_path/Frameworks";
				PRODUCT_BUNDLE_IDENTIFIER = PragunSharma.PartyRockAppTests;
				PRODUCT_NAME = "$(TARGET_NAME)";
				SWIFT_VERSION = 3.0;
				TEST_HOST = "$(BUILT_PRODUCTS_DIR)/PartyRockApp.app/PartyRockApp";
			};
			name = Debug;
		};
		DBDB23EB1F16BA9A006084C2 /* Release */ = {
			isa = XCBuildConfiguration;
			buildSettings = {
				ALWAYS_EMBED_SWIFT_STANDARD_LIBRARIES = YES;
				BUNDLE_LOADER = "$(TEST_HOST)";
				DEVELOPMENT_TEAM = 8LP7F4D4WS;
				INFOPLIST_FILE = PartyRockAppTests/Info.plist;
				LD_RUNPATH_SEARCH_PATHS = "$(inherited) @executable_path/Frameworks @loader_path/Frameworks";
				PRODUCT_BUNDLE_IDENTIFIER = PragunSharma.PartyRockAppTests;
				PRODUCT_NAME = "$(TARGET_NAME)";
				SWIFT_VERSION = 3.0;
				TEST_HOST = "$(BUILT_PRODUCTS_DIR)/PartyRockApp.app/PartyRockApp";
			};
			name = Release;
		};
		DBDB23ED1F16BA9A006084C2 /* Debug */ = {
			isa = XCBuildConfiguration;
			buildSettings = {
				ALWAYS_EMBED_SWIFT_STANDARD_LIBRARIES = YES;
				DEVELOPMENT_TEAM = 8LP7F4D4WS;
				INFOPLIST_FILE = PartyRockAppUITests/Info.plist;
				LD_RUNPATH_SEARCH_PATHS = "$(inherited) @executable_path/Frameworks @loader_path/Frameworks";
				PRODUCT_BUNDLE_IDENTIFIER = PragunSharma.PartyRockAppUITests;
				PRODUCT_NAME = "$(TARGET_NAME)";
				SWIFT_VERSION = 3.0;
				TEST_TARGET_NAME = PartyRockApp;
			};
			name = Debug;
		};
		DBDB23EE1F16BA9A006084C2 /* Release */ = {
			isa = XCBuildConfiguration;
			buildSettings = {
				ALWAYS_EMBED_SWIFT_STANDARD_LIBRARIES = YES;
				DEVELOPMENT_TEAM = 8LP7F4D4WS;
				INFOPLIST_FILE = PartyRockAppUITests/Info.plist;
				LD_RUNPATH_SEARCH_PATHS = "$(inherited) @executable_path/Frameworks @loader_path/Frameworks";
				PRODUCT_BUNDLE_IDENTIFIER = PragunSharma.PartyRockAppUITests;
				PRODUCT_NAME = "$(TARGET_NAME)";
				SWIFT_VERSION = 3.0;
				TEST_TARGET_NAME = PartyRockApp;
			};
			name = Release;
		};
/* End XCBuildConfiguration section */

/* Begin XCConfigurationList section */
		DBDB23B91F16BA9A006084C2 /* Build configuration list for PBXProject "PartyRockApp" */ = {
			isa = XCConfigurationList;
			buildConfigurations = (
				DBDB23E41F16BA9A006084C2 /* Debug */,
				DBDB23E51F16BA9A006084C2 /* Release */,
			);
			defaultConfigurationIsVisible = 0;
			defaultConfigurationName = Release;
		};
		DBDB23E61F16BA9A006084C2 /* Build configuration list for PBXNativeTarget "PartyRockApp" */ = {
			isa = XCConfigurationList;
			buildConfigurations = (
				DBDB23E71F16BA9A006084C2 /* Debug */,
				DBDB23E81F16BA9A006084C2 /* Release */,
			);
			defaultConfigurationIsVisible = 0;
		};
		DBDB23E91F16BA9A006084C2 /* Build configuration list for PBXNativeTarget "PartyRockAppTests" */ = {
			isa = XCConfigurationList;
			buildConfigurations = (
				DBDB23EA1F16BA9A006084C2 /* Debug */,
				DBDB23EB1F16BA9A006084C2 /* Release */,
			);
			defaultConfigurationIsVisible = 0;
		};
		DBDB23EC1F16BA9A006084C2 /* Build configuration list for PBXNativeTarget "PartyRockAppUITests" */ = {
			isa = XCConfigurationList;
			buildConfigurations = (
				DBDB23ED1F16BA9A006084C2 /* Debug */,
				DBDB23EE1F16BA9A006084C2 /* Release */,
			);
			defaultConfigurationIsVisible = 0;
		};
/* End XCConfigurationList section */
	};
	rootObject = DBDB23B61F16BA9A006084C2 /* Project object */;
}
